PODS:
  - IQKeyboardManager (6.5.6)
  - Realm (10.7.7):
    - Realm/Headers (= 10.7.7)
  - Realm/Headers (10.7.7)
  - RealmSwift (10.7.7):
    - Realm (= 10.7.7)
  - "UITextView+Placeholder (1.4.0)"

DEPENDENCIES:
  - IQKeyboardManager
  - RealmSwift
  - "UITextView+Placeholder"

SPEC REPOS:
  trunk:
    - IQKeyboardManager
    - Realm
    - RealmSwift
    - "UITextView+Placeholder"

SPEC CHECKSUMS:
  IQKeyboardManager: 2a6e97afdafc7becf0cb17a9a8d795e3a980717f
  Realm: 8010af8b7a576ba501729bcbc54a3cd1f1f7dca3
  RealmSwift: dc17e6d649c12a8996f9e962c3fe6cef356885c4
  "UITextView+Placeholder": d7b0c400921f66523f3a85d74f774512e14f6502

PODFILE CHECKSUM: a61570e9584630729deb611781a69ac08a1f4ba2

COCOAPODS: 1.10.1
