// !$*UTF8*$!
{
	archiveVersion = 1;
	classes = {
	};
	objectVersion = 50;
	objects = {

/* Begin PBXBuildFile section */
		2C8075E82677AADD00363ECA /* NotesList.storyboard in Resources */ = {isa = PBXBuildFile; fileRef = 2C8075E72677AADD00363ECA /* NotesList.storyboard */; };
		2C8075EA2677AAF200363ECA /* NotesListVC.swift in Sources */ = {isa = PBXBuildFile; fileRef = 2C8075E92677AAF200363ECA /* NotesListVC.swift */; };
		2C8075ED2677AB1B00363ECA /* NoteCell.swift in Sources */ = {isa = PBXBuildFile; fileRef = 2C8075EB2677AB1B00363ECA /* NoteCell.swift */; };
		2C8075EE2677AB1B00363ECA /* NoteCell.xib in Resources */ = {isa = PBXBuildFile; fileRef = 2C8075EC2677AB1B00363ECA /* NoteCell.xib */; };
		2C8075F02677B53A00363ECA /* UITableView.swift in Sources */ = {isa = PBXBuildFile; fileRef = 2C8075EF2677B53A00363ECA /* UITableView.swift */; };
		2CD5EECC2676C3A50082416B /* AppDelegate.swift in Sources */ = {isa = PBXBuildFile; fileRef = 2CD5EECB2676C3A50082416B /* AppDelegate.swift */; };
		2CD5EECE2676C3A50082416B /* SceneDelegate.swift in Sources */ = {isa = PBXBuildFile; fileRef = 2CD5EECD2676C3A50082416B /* SceneDelegate.swift */; };
		2CD5EED52676C3A70082416B /* Assets.xcassets in Resources */ = {isa = PBXBuildFile; fileRef = 2CD5EED42676C3A70082416B /* Assets.xcassets */; };
		2CD5EED82676C3A70082416B /* LaunchScreen.storyboard in Resources */ = {isa = PBXBuildFile; fileRef = 2CD5EED62676C3A70082416B /* LaunchScreen.storyboard */; };
		2CD5EEE72676E1710082416B /* Router.swift in Sources */ = {isa = PBXBuildFile; fileRef = 2CD5EEE62676E1710082416B /* Router.swift */; };
		2CD5EEEA2676E3880082416B /* UIView.swift in Sources */ = {isa = PBXBuildFile; fileRef = 2CD5EEE92676E3880082416B /* UIView.swift */; };
		2CD5EEEC2676E6C90082416B /* Storyboards.swift in Sources */ = {isa = PBXBuildFile; fileRef = 2CD5EEEB2676E6C90082416B /* Storyboards.swift */; };
		CCDE643F536D9FB45C786D58 /* Pods_SmartNotepad.framework in Frameworks */ = {isa = PBXBuildFile; fileRef = 962DA78E3F804415020241FE /* Pods_SmartNotepad.framework */; };
/* End PBXBuildFile section */

/* Begin PBXFileReference section */
		2C8075E72677AADD00363ECA /* NotesList.storyboard */ = {isa = PBXFileReference; lastKnownFileType = file.storyboard; path = NotesList.storyboard; sourceTree = "<group>"; };
		2C8075E92677AAF200363ECA /* NotesListVC.swift */ = {isa = PBXFileReference; lastKnownFileType = sourcecode.swift; path = NotesListVC.swift; sourceTree = "<group>"; };
		2C8075EB2677AB1B00363ECA /* NoteCell.swift */ = {isa = PBXFileReference; lastKnownFileType = sourcecode.swift; path = NoteCell.swift; sourceTree = "<group>"; };
		2C8075EC2677AB1B00363ECA /* NoteCell.xib */ = {isa = PBXFileReference; lastKnownFileType = file.xib; path = NoteCell.xib; sourceTree = "<group>"; };
		2C8075EF2677B53A00363ECA /* UITableView.swift */ = {isa = PBXFileReference; lastKnownFileType = sourcecode.swift; path = UITableView.swift; sourceTree = "<group>"; };
		2CD5EEC82676C3A50082416B /* SmartNotepad.app */ = {isa = PBXFileReference; explicitFileType = wrapper.application; includeInIndex = 0; path = SmartNotepad.app; sourceTree = BUILT_PRODUCTS_DIR; };
		2CD5EECB2676C3A50082416B /* AppDelegate.swift */ = {isa = PBXFileReference; lastKnownFileType = sourcecode.swift; path = AppDelegate.swift; sourceTree = "<group>"; };
		2CD5EECD2676C3A50082416B /* SceneDelegate.swift */ = {isa = PBXFileReference; lastKnownFileType = sourcecode.swift; path = SceneDelegate.swift; sourceTree = "<group>"; };
		2CD5EED42676C3A70082416B /* Assets.xcassets */ = {isa = PBXFileReference; lastKnownFileType = folder.assetcatalog; path = Assets.xcassets; sourceTree = "<group>"; };
		2CD5EED72676C3A70082416B /* Base */ = {isa = PBXFileReference; lastKnownFileType = file.storyboard; name = Base; path = Base.lproj/LaunchScreen.storyboard; sourceTree = "<group>"; };
		2CD5EED92676C3A70082416B /* Info.plist */ = {isa = PBXFileReference; lastKnownFileType = text.plist.xml; path = Info.plist; sourceTree = "<group>"; };
		2CD5EEE62676E1710082416B /* Router.swift */ = {isa = PBXFileReference; lastKnownFileType = sourcecode.swift; path = Router.swift; sourceTree = "<group>"; };
		2CD5EEE92676E3880082416B /* UIView.swift */ = {isa = PBXFileReference; lastKnownFileType = sourcecode.swift; path = UIView.swift; sourceTree = "<group>"; };
		2CD5EEEB2676E6C90082416B /* Storyboards.swift */ = {isa = PBXFileReference; lastKnownFileType = sourcecode.swift; path = Storyboards.swift; sourceTree = "<group>"; };
		962DA78E3F804415020241FE /* Pods_SmartNotepad.framework */ = {isa = PBXFileReference; explicitFileType = wrapper.framework; includeInIndex = 0; path = Pods_SmartNotepad.framework; sourceTree = BUILT_PRODUCTS_DIR; };
		D008C30CC75B8F77AACA8941 /* Pods-SmartNotepad.debug.xcconfig */ = {isa = PBXFileReference; includeInIndex = 1; lastKnownFileType = text.xcconfig; name = "Pods-SmartNotepad.debug.xcconfig"; path = "Target Support Files/Pods-SmartNotepad/Pods-SmartNotepad.debug.xcconfig"; sourceTree = "<group>"; };
		ED12652D2349BB5D6A061555 /* Pods-SmartNotepad.release.xcconfig */ = {isa = PBXFileReference; includeInIndex = 1; lastKnownFileType = text.xcconfig; name = "Pods-SmartNotepad.release.xcconfig"; path = "Target Support Files/Pods-SmartNotepad/Pods-SmartNotepad.release.xcconfig"; sourceTree = "<group>"; };
/* End PBXFileReference section */

/* Begin PBXFrameworksBuildPhase section */
		2CD5EEC52676C3A50082416B /* Frameworks */ = {
			isa = PBXFrameworksBuildPhase;
			buildActionMask = 2147483647;
			files = (
				CCDE643F536D9FB45C786D58 /* Pods_SmartNotepad.framework in Frameworks */,
			);
			runOnlyForDeploymentPostprocessing = 0;
		};
/* End PBXFrameworksBuildPhase section */

/* Begin PBXGroup section */
		2C8075E62677AAAE00363ECA /* NotesList */ = {
			isa = PBXGroup;
			children = (
				2C8075E72677AADD00363ECA /* NotesList.storyboard */,
				2C8075E92677AAF200363ECA /* NotesListVC.swift */,
				2C8075EB2677AB1B00363ECA /* NoteCell.swift */,
				2C8075EC2677AB1B00363ECA /* NoteCell.xib */,
			);
			path = NotesList;
			sourceTree = "<group>";
		};
		2CD5EEBF2676C3A50082416B = {
			isa = PBXGroup;
			children = (
				2CD5EECA2676C3A50082416B /* SmartNotepad */,
				2CD5EEC92676C3A50082416B /* Products */,
				D84D6B66A3DC17C6A8826467 /* Pods */,
				37A3174A73822FBD6D4C2921 /* Frameworks */,
			);
			sourceTree = "<group>";
		};
		2CD5EEC92676C3A50082416B /* Products */ = {
			isa = PBXGroup;
			children = (
				2CD5EEC82676C3A50082416B /* SmartNotepad.app */,
			);
			name = Products;
			sourceTree = "<group>";
		};
		2CD5EECA2676C3A50082416B /* SmartNotepad */ = {
			isa = PBXGroup;
			children = (
				2CD5EEDF2676CDF70082416B /* Common */,
				2CD5EEE32676D1CD0082416B /* Scenes */,
			);
			path = SmartNotepad;
			sourceTree = "<group>";
		};
		2CD5EEDF2676CDF70082416B /* Common */ = {
			isa = PBXGroup;
			children = (
				2CD5EEE02676CE390082416B /* App */,
				2CD5EEE12676CE450082416B /* Configuration */,
				2CD5EEE22676CE5F0082416B /* Assets */,
				2CD5EEE82676E2D30082416B /* Extensions */,
				2CD5EEE42676E0790082416B /* Externals */,
			);
			path = Common;
			sourceTree = "<group>";
		};
		2CD5EEE02676CE390082416B /* App */ = {
			isa = PBXGroup;
			children = (
				2CD5EECB2676C3A50082416B /* AppDelegate.swift */,
				2CD5EECD2676C3A50082416B /* SceneDelegate.swift */,
			);
			path = App;
			sourceTree = "<group>";
		};
		2CD5EEE12676CE450082416B /* Configuration */ = {
			isa = PBXGroup;
			children = (
				2CD5EED92676C3A70082416B /* Info.plist */,
			);
			path = Configuration;
			sourceTree = "<group>";
		};
		2CD5EEE22676CE5F0082416B /* Assets */ = {
			isa = PBXGroup;
			children = (
				2CD5EED62676C3A70082416B /* LaunchScreen.storyboard */,
				2CD5EED42676C3A70082416B /* Assets.xcassets */,
			);
			path = Assets;
			sourceTree = "<group>";
		};
		2CD5EEE32676D1CD0082416B /* Scenes */ = {
			isa = PBXGroup;
			children = (
				2C8075E62677AAAE00363ECA /* NotesList */,
			);
			path = Scenes;
			sourceTree = "<group>";
		};
		2CD5EEE42676E0790082416B /* Externals */ = {
			isa = PBXGroup;
			children = (
				2CD5EEE52676E08B0082416B /* Router */,
			);
			path = Externals;
			sourceTree = "<group>";
		};
		2CD5EEE52676E08B0082416B /* Router */ = {
			isa = PBXGroup;
			children = (
				2CD5EEE62676E1710082416B /* Router.swift */,
				2CD5EEEB2676E6C90082416B /* Storyboards.swift */,
			);
			path = Router;
			sourceTree = "<group>";
		};
		2CD5EEE82676E2D30082416B /* Extensions */ = {
			isa = PBXGroup;
			children = (
				2CD5EEE92676E3880082416B /* UIView.swift */,
				2C8075EF2677B53A00363ECA /* UITableView.swift */,
			);
			path = Extensions;
			sourceTree = "<group>";
		};
		37A3174A73822FBD6D4C2921 /* Frameworks */ = {
			isa = PBXGroup;
			children = (
				962DA78E3F804415020241FE /* Pods_SmartNotepad.framework */,
			);
			name = Frameworks;
			sourceTree = "<group>";
		};
		D84D6B66A3DC17C6A8826467 /* Pods */ = {
			isa = PBXGroup;
			children = (
				D008C30CC75B8F77AACA8941 /* Pods-SmartNotepad.debug.xcconfig */,
				ED12652D2349BB5D6A061555 /* Pods-SmartNotepad.release.xcconfig */,
			);
			name = Pods;
			path = Pods;
			sourceTree = "<group>";
		};
/* End PBXGroup section */

/* Begin PBXNativeTarget section */
		2CD5EEC72676C3A50082416B /* SmartNotepad */ = {
			isa = PBXNativeTarget;
			buildConfigurationList = 2CD5EEDC2676C3A70082416B /* Build configuration list for PBXNativeTarget "SmartNotepad" */;
			buildPhases = (
				F041F4F96B2EEF3C54CCD8F0 /* [CP] Check Pods Manifest.lock */,
				2CD5EEC42676C3A50082416B /* Sources */,
				2CD5EEC52676C3A50082416B /* Frameworks */,
				2CD5EEC62676C3A50082416B /* Resources */,
				7FC59697E93CDD2D19312DC1 /* [CP] Embed Pods Frameworks */,
			);
			buildRules = (
			);
			dependencies = (
			);
			name = SmartNotepad;
			productName = SmartNotepad;
			productReference = 2CD5EEC82676C3A50082416B /* SmartNotepad.app */;
			productType = "com.apple.product-type.application";
		};
/* End PBXNativeTarget section */

/* Begin PBXProject section */
		2CD5EEC02676C3A50082416B /* Project object */ = {
			isa = PBXProject;
			attributes = {
				LastSwiftUpdateCheck = 1250;
				LastUpgradeCheck = 1250;
				TargetAttributes = {
					2CD5EEC72676C3A50082416B = {
						CreatedOnToolsVersion = 12.5;
					};
				};
			};
			buildConfigurationList = 2CD5EEC32676C3A50082416B /* Build configuration list for PBXProject "SmartNotepad" */;
			compatibilityVersion = "Xcode 9.3";
			developmentRegion = en;
			hasScannedForEncodings = 0;
			knownRegions = (
				en,
				Base,
			);
			mainGroup = 2CD5EEBF2676C3A50082416B;
			productRefGroup = 2CD5EEC92676C3A50082416B /* Products */;
			projectDirPath = "";
			projectRoot = "";
			targets = (
				2CD5EEC72676C3A50082416B /* SmartNotepad */,
			);
		};
/* End PBXProject section */

/* Begin PBXResourcesBuildPhase section */
		2CD5EEC62676C3A50082416B /* Resources */ = {
			isa = PBXResourcesBuildPhase;
			buildActionMask = 2147483647;
			files = (
				2CD5EED82676C3A70082416B /* LaunchScreen.storyboard in Resources */,
				2CD5EED52676C3A70082416B /* Assets.xcassets in Resources */,
				2C8075E82677AADD00363ECA /* NotesList.storyboard in Resources */,
				2C8075EE2677AB1B00363ECA /* NoteCell.xib in Resources */,
			);
			runOnlyForDeploymentPostprocessing = 0;
		};
/* End PBXResourcesBuildPhase section */

/* Begin PBXShellScriptBuildPhase section */
		7FC59697E93CDD2D19312DC1 /* [CP] Embed Pods Frameworks */ = {
			isa = PBXShellScriptBuildPhase;
			buildActionMask = 2147483647;
			files = (
			);
			inputFileListPaths = (
				"${PODS_ROOT}/Target Support Files/Pods-SmartNotepad/Pods-SmartNotepad-frameworks-${CONFIGURATION}-input-files.xcfilelist",
			);
			name = "[CP] Embed Pods Frameworks";
			outputFileListPaths = (
				"${PODS_ROOT}/Target Support Files/Pods-SmartNotepad/Pods-SmartNotepad-frameworks-${CONFIGURATION}-output-files.xcfilelist",
			);
			runOnlyForDeploymentPostprocessing = 0;
			shellPath = /bin/sh;
			shellScript = "\"${PODS_ROOT}/Target Support Files/Pods-SmartNotepad/Pods-SmartNotepad-frameworks.sh\"\n";
			showEnvVarsInLog = 0;
		};
		F041F4F96B2EEF3C54CCD8F0 /* [CP] Check Pods Manifest.lock */ = {
			isa = PBXShellScriptBuildPhase;
			buildActionMask = 2147483647;
			files = (
			);
			inputFileListPaths = (
			);
			inputPaths = (
				"${PODS_PODFILE_DIR_PATH}/Podfile.lock",
				"${PODS_ROOT}/Manifest.lock",
			);
			name = "[CP] Check Pods Manifest.lock";
			outputFileListPaths = (
			);
			outputPaths = (
				"$(DERIVED_FILE_DIR)/Pods-SmartNotepad-checkManifestLockResult.txt",
			);
			runOnlyForDeploymentPostprocessing = 0;
			shellPath = /bin/sh;
			shellScript = "diff \"${PODS_PODFILE_DIR_PATH}/Podfile.lock\" \"${PODS_ROOT}/Manifest.lock\" > /dev/null\nif [ $? != 0 ] ; then\n    # print error to STDERR\n    echo \"error: The sandbox is not in sync with the Podfile.lock. Run 'pod install' or update your CocoaPods installation.\" >&2\n    exit 1\nfi\n# This output is used by Xcode 'outputs' to avoid re-running this script phase.\necho \"SUCCESS\" > \"${SCRIPT_OUTPUT_FILE_0}\"\n";
			showEnvVarsInLog = 0;
		};
/* End PBXShellScriptBuildPhase section */

/* Begin PBXSourcesBuildPhase section */
		2CD5EEC42676C3A50082416B /* Sources */ = {
			isa = PBXSourcesBuildPhase;
			buildActionMask = 2147483647;
			files = (
				2CD5EEEA2676E3880082416B /* UIView.swift in Sources */,
				2CD5EEEC2676E6C90082416B /* Storyboards.swift in Sources */,
				2CD5EECC2676C3A50082416B /* AppDelegate.swift in Sources */,
				2CD5EEE72676E1710082416B /* Router.swift in Sources */,
				2C8075EA2677AAF200363ECA /* NotesListVC.swift in Sources */,
				2C8075F02677B53A00363ECA /* UITableView.swift in Sources */,
				2C8075ED2677AB1B00363ECA /* NoteCell.swift in Sources */,
				2CD5EECE2676C3A50082416B /* SceneDelegate.swift in Sources */,
			);
			runOnlyForDeploymentPostprocessing = 0;
		};
/* End PBXSourcesBuildPhase section */

/* Begin PBXVariantGroup section */
		2CD5EED62676C3A70082416B /* LaunchScreen.storyboard */ = {
			isa = PBXVariantGroup;
			children = (
				2CD5EED72676C3A70082416B /* Base */,
			);
			name = LaunchScreen.storyboard;
			sourceTree = "<group>";
		};
/* End PBXVariantGroup section */

/* Begin XCBuildConfiguration section */
		2CD5EEDA2676C3A70082416B /* Debug */ = {
			isa = XCBuildConfiguration;
			buildSettings = {
				ALWAYS_SEARCH_USER_PATHS = NO;
				CLANG_ANALYZER_NONNULL = YES;
				CLANG_ANALYZER_NUMBER_OBJECT_CONVERSION = YES_AGGRESSIVE;
				CLANG_CXX_LANGUAGE_STANDARD = "gnu++14";
				CLANG_CXX_LIBRARY = "libc++";
				CLANG_ENABLE_MODULES = YES;
				CLANG_ENABLE_OBJC_ARC = YES;
				CLANG_ENABLE_OBJC_WEAK = YES;
				CLANG_WARN_BLOCK_CAPTURE_AUTORELEASING = YES;
				CLANG_WARN_BOOL_CONVERSION = YES;
				CLANG_WARN_COMMA = YES;
				CLANG_WARN_CONSTANT_CONVERSION = YES;
				CLANG_WARN_DEPRECATED_OBJC_IMPLEMENTATIONS = YES;
				CLANG_WARN_DIRECT_OBJC_ISA_USAGE = YES_ERROR;
				CLANG_WARN_DOCUMENTATION_COMMENTS = YES;
				CLANG_WARN_EMPTY_BODY = YES;
				CLANG_WARN_ENUM_CONVERSION = YES;
				CLANG_WARN_INFINITE_RECURSION = YES;
				CLANG_WARN_INT_CONVERSION = YES;
				CLANG_WARN_NON_LITERAL_NULL_CONVERSION = YES;
				CLANG_WARN_OBJC_IMPLICIT_RETAIN_SELF = YES;
				CLANG_WARN_OBJC_LITERAL_CONVERSION = YES;
				CLANG_WARN_OBJC_ROOT_CLASS = YES_ERROR;
				CLANG_WARN_QUOTED_INCLUDE_IN_FRAMEWORK_HEADER = YES;
				CLANG_WARN_RANGE_LOOP_ANALYSIS = YES;
				CLANG_WARN_STRICT_PROTOTYPES = YES;
				CLANG_WARN_SUSPICIOUS_MOVE = YES;
				CLANG_WARN_UNGUARDED_AVAILABILITY = YES_AGGRESSIVE;
				CLANG_WARN_UNREACHABLE_CODE = YES;
				CLANG_WARN__DUPLICATE_METHOD_MATCH = YES;
				COPY_PHASE_STRIP = NO;
				DEBUG_INFORMATION_FORMAT = dwarf;
				ENABLE_STRICT_OBJC_MSGSEND = YES;
				ENABLE_TESTABILITY = YES;
				GCC_C_LANGUAGE_STANDARD = gnu11;
				GCC_DYNAMIC_NO_PIC = NO;
				GCC_NO_COMMON_BLOCKS = YES;
				GCC_OPTIMIZATION_LEVEL = 0;
				GCC_PREPROCESSOR_DEFINITIONS = (
					"DEBUG=1",
					"$(inherited)",
				);
				GCC_WARN_64_TO_32_BIT_CONVERSION = YES;
				GCC_WARN_ABOUT_RETURN_TYPE = YES_ERROR;
				GCC_WARN_UNDECLARED_SELECTOR = YES;
				GCC_WARN_UNINITIALIZED_AUTOS = YES_AGGRESSIVE;
				GCC_WARN_UNUSED_FUNCTION = YES;
				GCC_WARN_UNUSED_VARIABLE = YES;
				IPHONEOS_DEPLOYMENT_TARGET = 14.5;
				MTL_ENABLE_DEBUG_INFO = INCLUDE_SOURCE;
				MTL_FAST_MATH = YES;
				ONLY_ACTIVE_ARCH = YES;
				SDKROOT = iphoneos;
				SWIFT_ACTIVE_COMPILATION_CONDITIONS = DEBUG;
				SWIFT_OPTIMIZATION_LEVEL = "-Onone";
			};
			name = Debug;
		};
		2CD5EEDB2676C3A70082416B /* Release */ = {
			isa = XCBuildConfiguration;
			buildSettings = {
				ALWAYS_SEARCH_USER_PATHS = NO;
				CLANG_ANALYZER_NONNULL = YES;
				CLANG_ANALYZER_NUMBER_OBJECT_CONVERSION = YES_AGGRESSIVE;
				CLANG_CXX_LANGUAGE_STANDARD = "gnu++14";
				CLANG_CXX_LIBRARY = "libc++";
				CLANG_ENABLE_MODULES = YES;
				CLANG_ENABLE_OBJC_ARC = YES;
				CLANG_ENABLE_OBJC_WEAK = YES;
				CLANG_WARN_BLOCK_CAPTURE_AUTORELEASING = YES;
				CLANG_WARN_BOOL_CONVERSION = YES;
				CLANG_WARN_COMMA = YES;
				CLANG_WARN_CONSTANT_CONVERSION = YES;
				CLANG_WARN_DEPRECATED_OBJC_IMPLEMENTATIONS = YES;
				CLANG_WARN_DIRECT_OBJC_ISA_USAGE = YES_ERROR;
				CLANG_WARN_DOCUMENTATION_COMMENTS = YES;
				CLANG_WARN_EMPTY_BODY = YES;
				CLANG_WARN_ENUM_CONVERSION = YES;
				CLANG_WARN_INFINITE_RECURSION = YES;
				CLANG_WARN_INT_CONVERSION = YES;
				CLANG_WARN_NON_LITERAL_NULL_CONVERSION = YES;
				CLANG_WARN_OBJC_IMPLICIT_RETAIN_SELF = YES;
				CLANG_WARN_OBJC_LITERAL_CONVERSION = YES;
				CLANG_WARN_OBJC_ROOT_CLASS = YES_ERROR;
				CLANG_WARN_QUOTED_INCLUDE_IN_FRAMEWORK_HEADER = YES;
				CLANG_WARN_RANGE_LOOP_ANALYSIS = YES;
				CLANG_WARN_STRICT_PROTOTYPES = YES;
				CLANG_WARN_SUSPICIOUS_MOVE = YES;
				CLANG_WARN_UNGUARDED_AVAILABILITY = YES_AGGRESSIVE;
				CLANG_WARN_UNREACHABLE_CODE = YES;
				CLANG_WARN__DUPLICATE_METHOD_MATCH = YES;
				COPY_PHASE_STRIP = NO;
				DEBUG_INFORMATION_FORMAT = "dwarf-with-dsym";
				ENABLE_NS_ASSERTIONS = NO;
				ENABLE_STRICT_OBJC_MSGSEND = YES;
				GCC_C_LANGUAGE_STANDARD = gnu11;
				GCC_NO_COMMON_BLOCKS = YES;
				GCC_WARN_64_TO_32_BIT_CONVERSION = YES;
				GCC_WARN_ABOUT_RETURN_TYPE = YES_ERROR;
				GCC_WARN_UNDECLARED_SELECTOR = YES;
				GCC_WARN_UNINITIALIZED_AUTOS = YES_AGGRESSIVE;
				GCC_WARN_UNUSED_FUNCTION = YES;
				GCC_WARN_UNUSED_VARIABLE = YES;
				IPHONEOS_DEPLOYMENT_TARGET = 14.5;
				MTL_ENABLE_DEBUG_INFO = NO;
				MTL_FAST_MATH = YES;
				SDKROOT = iphoneos;
				SWIFT_COMPILATION_MODE = wholemodule;
				SWIFT_OPTIMIZATION_LEVEL = "-O";
				VALIDATE_PRODUCT = YES;
			};
			name = Release;
		};
		2CD5EEDD2676C3A70082416B /* Debug */ = {
			isa = XCBuildConfiguration;
			baseConfigurationReference = D008C30CC75B8F77AACA8941 /* Pods-SmartNotepad.debug.xcconfig */;
			buildSettings = {
				ASSETCATALOG_COMPILER_APPICON_NAME = AppIcon;
				ASSETCATALOG_COMPILER_GLOBAL_ACCENT_COLOR_NAME = AccentColor;
				CODE_SIGN_STYLE = Automatic;
				DEVELOPMENT_TEAM = 7YM9Q56F5D;
				INFOPLIST_FILE = "$(SRCROOT)/SmartNotepad/Common/Configuration/Info.plist";
				IPHONEOS_DEPLOYMENT_TARGET = 13.0;
				LD_RUNPATH_SEARCH_PATHS = (
					"$(inherited)",
					"@executable_path/Frameworks",
				);
				PRODUCT_BUNDLE_IDENTIFIER = com.ramzy.SmartNotepad;
				PRODUCT_NAME = "$(TARGET_NAME)";
				SWIFT_VERSION = 5.0;
				TARGETED_DEVICE_FAMILY = 1;
			};
			name = Debug;
		};
		2CD5EEDE2676C3A70082416B /* Release */ = {
			isa = XCBuildConfiguration;
			baseConfigurationReference = ED12652D2349BB5D6A061555 /* Pods-SmartNotepad.release.xcconfig */;
			buildSettings = {
				ASSETCATALOG_COMPILER_APPICON_NAME = AppIcon;
				ASSETCATALOG_COMPILER_GLOBAL_ACCENT_COLOR_NAME = AccentColor;
				CODE_SIGN_STYLE = Automatic;
				DEVELOPMENT_TEAM = 7YM9Q56F5D;
				INFOPLIST_FILE = "$(SRCROOT)/SmartNotepad/Common/Configuration/Info.plist";
				IPHONEOS_DEPLOYMENT_TARGET = 13.0;
				LD_RUNPATH_SEARCH_PATHS = (
					"$(inherited)",
					"@executable_path/Frameworks",
				);
				PRODUCT_BUNDLE_IDENTIFIER = com.ramzy.SmartNotepad;
				PRODUCT_NAME = "$(TARGET_NAME)";
				SWIFT_VERSION = 5.0;
				TARGETED_DEVICE_FAMILY = 1;
			};
			name = Release;
		};
/* End XCBuildConfiguration section */

/* Begin XCConfigurationList section */
		2CD5EEC32676C3A50082416B /* Build configuration list for PBXProject "SmartNotepad" */ = {
			isa = XCConfigurationList;
			buildConfigurations = (
				2CD5EEDA2676C3A70082416B /* Debug */,
				2CD5EEDB2676C3A70082416B /* Release */,
			);
			defaultConfigurationIsVisible = 0;
			defaultConfigurationName = Release;
		};
		2CD5EEDC2676C3A70082416B /* Build configuration list for PBXNativeTarget "SmartNotepad" */ = {
			isa = XCConfigurationList;
			buildConfigurations = (
				2CD5EEDD2676C3A70082416B /* Debug */,
				2CD5EEDE2676C3A70082416B /* Release */,
			);
			defaultConfigurationIsVisible = 0;
			defaultConfigurationName = Release;
		};
/* End XCConfigurationList section */
	};
	rootObject = 2CD5EEC02676C3A50082416B /* Project object */;
}
